{
  "name": "monoproj",
  "version": "1.0.0",
  "lockfileVersion": 1,
  "requires": true,
  "dependencies": {
    "@bazel/bazel": {
      "version": "0.24.1",
      "resolved": "https://registry.npmjs.org/@bazel/bazel/-/bazel-0.24.1.tgz",
      "integrity": "sha512-iTTUqdI2dX4S+fQOGbhr84jRRv9FbYr8GX3L69Z/HurgcDrgErOKo1LGtOuSYqZYaEvQ+ZpV0aP7OzaUsv59WA==",
      "dev": true,
      "requires": {
        "@bazel/bazel-darwin_x64": "0.24.1",
        "@bazel/bazel-linux_x64": "0.24.1",
        "@bazel/bazel-win32_x64": "0.24.1"
      },
      "dependencies": {
        "@bazel/bazel-darwin_x64": {
          "version": "0.24.1",
          "resolved": "https://registry.npmjs.org/@bazel/bazel-darwin_x64/-/bazel-darwin_x64-0.24.1.tgz",
          "integrity": "sha512-EF2WlPIQeq4zhkwwSCDJncG/rA1C2xnjUynabzB04KOxEBj0lveqYLgoCvs6L3Y+1vp2TQJmKGVEG6GpYb4uUA==",
          "dev": true,
          "optional": true
        },
        "@bazel/bazel-linux_x64": {
          "version": "0.24.1",
          "resolved": "https://registry.npmjs.org/@bazel/bazel-linux_x64/-/bazel-linux_x64-0.24.1.tgz",
          "integrity": "sha512-oFLpfUOzZK4VSOM49FMJjb5UOJ5HXpTZ+zBOVO0hfK+oAkRaRfZjQZoKm6wa67MxfvU4tP/LDWcw7uj6swaGLw==",
          "dev": true,
          "optional": true
        },
        "@bazel/bazel-win32_x64": {
          "version": "0.24.1",
          "resolved": "https://registry.npmjs.org/@bazel/bazel-win32_x64/-/bazel-win32_x64-0.24.1.tgz",
          "integrity": "sha512-s+zFYNawvzDLnb0TBY4LmkT+8ZfjMJ6/dyVnH6w8Q24mevnJqTBflcPJUlXoLRCAtaK/S3+1KOfKPccIwDNDDg==",
          "dev": true,
          "optional": true
        }
      }
    },
    "@bazel/buildifier": {
      "version": "0.22.0",
      "resolved": "https://registry.npmjs.org/@bazel/buildifier/-/buildifier-0.22.0.tgz",
      "integrity": "sha512-S+mrUwanR8HMcp92iEDk4D1oOLsVhCM42Hx0rqL1eVmXPwLYL+F/sIjeGTw/6BgxMEHVSl2M3CcTFAS0b60BTQ==",
      "dev": true,
      "requires": {
        "@bazel/buildifier-darwin_x64": "0.22.0",
        "@bazel/buildifier-linux_x64": "0.22.0"
      },
      "dependencies": {
        "@bazel/buildifier-darwin_x64": {
          "version": "0.22.0",
          "resolved": "https://registry.npmjs.org/@bazel/buildifier-darwin_x64/-/buildifier-darwin_x64-0.22.0.tgz",
          "integrity": "sha512-tpJ6w3mmh8wBm/k5AidAZvjWm3Hge3ipSjGtxTfq/xgUCacAtGt219nwyAMs0CwLPuABLbcINQmmKtG5VpxK9A==",
          "dev": true,
          "optional": true
        },
        "@bazel/buildifier-linux_x64": {
          "version": "0.22.0",
          "resolved": "https://registry.npmjs.org/@bazel/buildifier-linux_x64/-/buildifier-linux_x64-0.22.0.tgz",
          "integrity": "sha512-qaE7QF2YHKOXFBk2QcwOBfA3Ipm08vP9ZK9Vxtubbq9O0MM5tWvfKI48VkfX6pg8QNXDJ+sBndznxQSSWstsWQ==",
          "dev": true,
          "optional": true
        }
      }
    },
    "@bazel/ibazel": {
      "version": "0.10.2",
      "resolved": "https://registry.npmjs.org/@bazel/ibazel/-/ibazel-0.10.2.tgz",
      "integrity": "sha512-wr9mMxwWsIQnf3Jnjppls+Z1snDMuWd2tRlzSDGsn712nz3IkkMyE/Iqhra4kbu+1bH1qsUrtYcl7AIazPIOtg==",
      "dev": true
    },
    "@bazel/typescript": {
      "version": "0.28.0",
      "resolved": "https://registry.npmjs.org/@bazel/typescript/-/typescript-0.28.0.tgz",
      "integrity": "sha512-sGi8+pRuPDe7bmK1cUmHfN/3uxHHpJTX9S3edq75pr6MytORIQZBxjSu9aRCgposIe1dPFTGt4B7TOZT8Ln+zw==",
      "dev": true,
      "requires": {
        "protobufjs": "6.8.8",
        "semver": "5.6.0",
        "source-map-support": "0.5.9",
        "tsutils": "2.27.2"
      }
    },
    "@protobufjs/aspromise": {
      "version": "1.1.2",
      "resolved": "https://registry.npmjs.org/@protobufjs/aspromise/-/aspromise-1.1.2.tgz",
      "integrity": "sha1-m4sMxmPWaafY9vXQiToU00jzD78=",
      "dev": true
    },
    "@protobufjs/base64": {
      "version": "1.1.2",
      "resolved": "https://registry.npmjs.org/@protobufjs/base64/-/base64-1.1.2.tgz",
      "integrity": "sha512-AZkcAA5vnN/v4PDqKyMR5lx7hZttPDgClv83E//FMNhR2TMcLUhfRUBHCmSl0oi9zMgDDqRUJkSxO3wm85+XLg==",
      "dev": true
    },
    "@protobufjs/codegen": {
      "version": "2.0.4",
      "resolved": "https://registry.npmjs.org/@protobufjs/codegen/-/codegen-2.0.4.tgz",
      "integrity": "sha512-YyFaikqM5sH0ziFZCN3xDC7zeGaB/d0IUb9CATugHWbd1FRFwWwt4ld4OYMPWu5a3Xe01mGAULCdqhMlPl29Jg==",
      "dev": true
    },
    "@protobufjs/eventemitter": {
      "version": "1.1.0",
      "resolved": "https://registry.npmjs.org/@protobufjs/eventemitter/-/eventemitter-1.1.0.tgz",
      "integrity": "sha1-NVy8mLr61ZePntCV85diHx0Ga3A=",
      "dev": true
    },
    "@protobufjs/fetch": {
      "version": "1.1.0",
      "resolved": "https://registry.npmjs.org/@protobufjs/fetch/-/fetch-1.1.0.tgz",
      "integrity": "sha1-upn7WYYUr2VwDBYZ/wbUVLDYTEU=",
      "dev": true,
      "requires": {
        "@protobufjs/aspromise": "^1.1.1",
        "@protobufjs/inquire": "^1.1.0"
      }
    },
    "@protobufjs/float": {
      "version": "1.0.2",
      "resolved": "https://registry.npmjs.org/@protobufjs/float/-/float-1.0.2.tgz",
      "integrity": "sha1-Xp4avctz/Ap8uLKR33jIy9l7h9E=",
      "dev": true
    },
    "@protobufjs/inquire": {
      "version": "1.1.0",
      "resolved": "https://registry.npmjs.org/@protobufjs/inquire/-/inquire-1.1.0.tgz",
      "integrity": "sha1-/yAOPnzyQp4tyvwRQIKOjMY48Ik=",
      "dev": true
    },
    "@protobufjs/path": {
      "version": "1.1.2",
      "resolved": "https://registry.npmjs.org/@protobufjs/path/-/path-1.1.2.tgz",
      "integrity": "sha1-bMKyDFya1q0NzP0hynZz2Nf79o0=",
      "dev": true
    },
    "@protobufjs/pool": {
      "version": "1.1.0",
      "resolved": "https://registry.npmjs.org/@protobufjs/pool/-/pool-1.1.0.tgz",
      "integrity": "sha1-Cf0V8tbTq/qbZbw2ZQbWrXhG/1Q=",
      "dev": true
    },
    "@protobufjs/utf8": {
      "version": "1.1.0",
      "resolved": "https://registry.npmjs.org/@protobufjs/utf8/-/utf8-1.1.0.tgz",
      "integrity": "sha1-p3c2C1s5oaLlEG+OhY8v0tBgxXA=",
      "dev": true
    },
    "@types/long": {
      "version": "4.0.0",
      "resolved": "https://registry.npmjs.org/@types/long/-/long-4.0.0.tgz",
      "integrity": "sha512-1w52Nyx4Gq47uuu0EVcsHBxZFJgurQ+rTKS3qMHxR1GY2T8c2AJYd6vZoZ9q1rupaDjU0yT+Jc2XTyXkjeMA+Q==",
      "dev": true
    },
    "@types/node": {
      "version": "12.0.0",
      "resolved": "https://registry.npmjs.org/@types/node/-/node-12.0.0.tgz",
      "integrity": "sha512-Jrb/x3HT4PTJp6a4avhmJCDEVrPdqLfl3e8GGMbpkGGdwAV5UGlIs4vVEfsHHfylZVOKZWpOqmqFH8CbfOZ6kg==",
      "dev": true
    },
    "buffer-from": {
      "version": "1.1.1",
      "resolved": "https://registry.npmjs.org/buffer-from/-/buffer-from-1.1.1.tgz",
      "integrity": "sha512-MQcXEUbCKtEo7bhqEs6560Hyd4XaovZlO/k9V3hjVUF/zwW7KBVdSK4gIt/bzwS9MbR5qob+F5jusZsb0YQK2A==",
      "dev": true
    },
    "long": {
      "version": "4.0.0",
      "resolved": "https://registry.npmjs.org/long/-/long-4.0.0.tgz",
      "integrity": "sha512-XsP+KhQif4bjX1kbuSiySJFNAehNxgLb6hPRGJ9QsUr8ajHkuXGdrHmFUTUUXhDwVX2R5bY4JNZEwbUiMhV+MA==",
      "dev": true
    },
    "protobufjs": {
      "version": "6.8.8",
      "resolved": "https://registry.npmjs.org/protobufjs/-/protobufjs-6.8.8.tgz",
      "integrity": "sha512-AAmHtD5pXgZfi7GMpllpO3q1Xw1OYldr+dMUlAnffGTAhqkg72WdmSY71uKBF/JuyiKs8psYbtKrhi0ASCD8qw==",
      "dev": true,
      "requires": {
        "@protobufjs/aspromise": "^1.1.2",
        "@protobufjs/base64": "^1.1.2",
        "@protobufjs/codegen": "^2.0.4",
        "@protobufjs/eventemitter": "^1.1.0",
        "@protobufjs/fetch": "^1.1.0",
        "@protobufjs/float": "^1.0.2",
        "@protobufjs/inquire": "^1.1.0",
        "@protobufjs/path": "^1.1.2",
        "@protobufjs/pool": "^1.1.0",
        "@protobufjs/utf8": "^1.1.0",
        "@types/long": "^4.0.0",
        "@types/node": "^10.1.0",
        "long": "^4.0.0"
      },
      "dependencies": {
        "@types/node": {
          "version": "10.14.6",
          "resolved": "https://registry.npmjs.org/@types/node/-/node-10.14.6.tgz",
          "integrity": "sha512-Fvm24+u85lGmV4hT5G++aht2C5I4Z4dYlWZIh62FAfFO/TfzXtPpoLI6I7AuBWkIFqZCnhFOoTT7RjjaIL5Fjg==",
          "dev": true
        }
      }
    },
    "semver": {
      "version": "5.6.0",
      "resolved": "https://registry.npmjs.org/semver/-/semver-5.6.0.tgz",
      "integrity": "sha512-RS9R6R35NYgQn++fkDWaOmqGoj4Ek9gGs+DPxNUZKuwE183xjJroKvyo1IzVFeXvUrvmALy6FWD5xrdJT25gMg==",
      "dev": true
    },
    "source-map": {
      "version": "0.6.1",
      "resolved": "https://registry.npmjs.org/source-map/-/source-map-0.6.1.tgz",
      "integrity": "sha512-UjgapumWlbMhkBgzT7Ykc5YXUT46F0iKu8SGXq0bcwP5dz/h0Plj6enJqjz1Zbq2l5WaqYnrVbwWOWMyF3F47g==",
      "dev": true
    },
    "source-map-support": {
      "version": "0.5.9",
      "resolved": "https://registry.npmjs.org/source-map-support/-/source-map-support-0.5.9.tgz",
      "integrity": "sha512-gR6Rw4MvUlYy83vP0vxoVNzM6t8MUXqNuRsuBmBHQDu1Fh6X015FrLdgoDKcNdkwGubozq0P4N0Q37UyFVr1EA==",
      "dev": true,
      "requires": {
        "buffer-from": "^1.0.0",
        "source-map": "^0.6.0"
      }
    },
    "tslib": {
      "version": "1.9.3",
      "resolved": "https://registry.npmjs.org/tslib/-/tslib-1.9.3.tgz",
      "integrity": "sha512-4krF8scpejhaOgqzBEcGM7yDIEfi0/8+8zDRZhNZZ2kjmHJ4hv3zCbQWxoJGz1iw5U0Jl0nma13xzHXcncMavQ==",
      "dev": true
    },
    "tsutils": {
      "version": "2.27.2",
      "resolved": "https://registry.npmjs.org/tsutils/-/tsutils-2.27.2.tgz",
      "integrity": "sha512-qf6rmT84TFMuxAKez2pIfR8UCai49iQsfB7YWVjV1bKpy/d0PWT5rEOSM6La9PiHZ0k1RRZQiwVdVJfQ3BPHgg==",
      "dev": true,
      "requires": {
        "tslib": "^1.8.1"
      }
    },
    "typescript": {
      "version": "3.4.5",
      "resolved": "https://registry.npmjs.org/typescript/-/typescript-3.4.5.tgz",
      "integrity": "sha512-YycBxUb49UUhdNMU5aJ7z5Ej2XGmaIBL0x34vZ82fn3hGvD+bgrMrVDpatgz2f7YxUMJxMkbWxJZeAvDxVe7Vw==",
      "dev": true
    }
  }
}
