{
  "name": "@monoproj/core",
  "version": "1.0.0",
  "lockfileVersion": 1,
  "requires": true,
  "dependencies": {
    "@monoproj/shared": {
      "version": "file:../../monoproj-shared-1.0.0.tgz",
      "integrity": "sha512-7Su3Ax930wbVBkMuiqQ/36WEPpCp8tcpYq25W7b8OrJbnTU1IzHRxggq3S48MZ/taC3g6VqH9pr3fx+3EsOAdQ=="
    }
  }
}
