{
  "name": "@monoproj/core",
  "version": "1.0.0",
  "lockfileVersion": 1,
  "requires": true,
  "dependencies": {
    "@monoproj/shared": {
      "version": "file:../../monoproj-shared-1.0.0.tgz",
      "integrity": "sha512-aaQcg3uCWIEbOwoyyt/wwNzAEV+SiNaCXXfYcuFZ5B2KHSqwvgbbKaraWmyMZoW0OghCwzCumBHzBS7rPPhWlA=="
    }
  }
}
